// !$*UTF8*$!
{
	archiveVersion = 1;
	classes = {
	};
	objectVersion = 55;
	objects = {

/* Begin PBXBuildFile section */
		F909B3E527460EBA004885BD /* WebViewController.swift in Sources */ = {isa = PBXBuildFile; fileRef = F909B3E427460EBA004885BD /* WebViewController.swift */; };
		F909B3E72746125D004885BD /* ArticleCellDelegate.swift in Sources */ = {isa = PBXBuildFile; fileRef = F909B3E62746125D004885BD /* ArticleCellDelegate.swift */; };
		F9E623E0273A1E7300D729FC /* AppDelegate.swift in Sources */ = {isa = PBXBuildFile; fileRef = F9E623DF273A1E7300D729FC /* AppDelegate.swift */; };
		F9E623E2273A1E7300D729FC /* SceneDelegate.swift in Sources */ = {isa = PBXBuildFile; fileRef = F9E623E1273A1E7300D729FC /* SceneDelegate.swift */; };
		F9E623E4273A1E7300D729FC /* ArticleViewController.swift in Sources */ = {isa = PBXBuildFile; fileRef = F9E623E3273A1E7300D729FC /* ArticleViewController.swift */; };
		F9E623E9273A1E7600D729FC /* Assets.xcassets in Resources */ = {isa = PBXBuildFile; fileRef = F9E623E8273A1E7600D729FC /* Assets.xcassets */; };
		F9E623EC273A1E7600D729FC /* LaunchScreen.storyboard in Resources */ = {isa = PBXBuildFile; fileRef = F9E623EA273A1E7600D729FC /* LaunchScreen.storyboard */; };
		F9E623F5273BDC7100D729FC /* ArticleModel.swift in Sources */ = {isa = PBXBuildFile; fileRef = F9E623F4273BDC7100D729FC /* ArticleModel.swift */; };
		F9E623F7273BDD2800D729FC /* ArticlePage.swift in Sources */ = {isa = PBXBuildFile; fileRef = F9E623F6273BDD2800D729FC /* ArticlePage.swift */; };
		F9E623F9273BDF9800D729FC /* ImageContainer.swift in Sources */ = {isa = PBXBuildFile; fileRef = F9E623F8273BDF9800D729FC /* ImageContainer.swift */; };
		F9E623FB273BE7AC00D729FC /* ArticleManager.swift in Sources */ = {isa = PBXBuildFile; fileRef = F9E623FA273BE7AC00D729FC /* ArticleManager.swift */; };
		F9E623FD273CAC2E00D729FC /* ArticleCell.swift in Sources */ = {isa = PBXBuildFile; fileRef = F9E623FC273CAC2D00D729FC /* ArticleCell.swift */; };
/* End PBXBuildFile section */

/* Begin PBXFileReference section */
		F909B3E427460EBA004885BD /* WebViewController.swift */ = {isa = PBXFileReference; lastKnownFileType = sourcecode.swift; path = WebViewController.swift; sourceTree = "<group>"; };
		F909B3E62746125D004885BD /* ArticleCellDelegate.swift */ = {isa = PBXFileReference; lastKnownFileType = sourcecode.swift; path = ArticleCellDelegate.swift; sourceTree = "<group>"; };
		F9E623DC273A1E7300D729FC /* vadmitrievaPW5.app */ = {isa = PBXFileReference; explicitFileType = wrapper.application; includeInIndex = 0; path = vadmitrievaPW5.app; sourceTree = BUILT_PRODUCTS_DIR; };
		F9E623DF273A1E7300D729FC /* AppDelegate.swift */ = {isa = PBXFileReference; lastKnownFileType = sourcecode.swift; path = AppDelegate.swift; sourceTree = "<group>"; };
		F9E623E1273A1E7300D729FC /* SceneDelegate.swift */ = {isa = PBXFileReference; lastKnownFileType = sourcecode.swift; path = SceneDelegate.swift; sourceTree = "<group>"; };
		F9E623E3273A1E7300D729FC /* ArticleViewController.swift */ = {isa = PBXFileReference; lastKnownFileType = sourcecode.swift; path = ArticleViewController.swift; sourceTree = "<group>"; };
		F9E623E8273A1E7600D729FC /* Assets.xcassets */ = {isa = PBXFileReference; lastKnownFileType = folder.assetcatalog; path = Assets.xcassets; sourceTree = "<group>"; };
		F9E623EB273A1E7600D729FC /* Base */ = {isa = PBXFileReference; lastKnownFileType = file.storyboard; name = Base; path = Base.lproj/LaunchScreen.storyboard; sourceTree = "<group>"; };
		F9E623ED273A1E7600D729FC /* Info.plist */ = {isa = PBXFileReference; lastKnownFileType = text.plist.xml; path = Info.plist; sourceTree = "<group>"; };
		F9E623F4273BDC7100D729FC /* ArticleModel.swift */ = {isa = PBXFileReference; lastKnownFileType = sourcecode.swift; path = ArticleModel.swift; sourceTree = "<group>"; };
		F9E623F6273BDD2800D729FC /* ArticlePage.swift */ = {isa = PBXFileReference; lastKnownFileType = sourcecode.swift; path = ArticlePage.swift; sourceTree = "<group>"; };
		F9E623F8273BDF9800D729FC /* ImageContainer.swift */ = {isa = PBXFileReference; lastKnownFileType = sourcecode.swift; path = ImageContainer.swift; sourceTree = "<group>"; };
		F9E623FA273BE7AC00D729FC /* ArticleManager.swift */ = {isa = PBXFileReference; lastKnownFileType = sourcecode.swift; path = ArticleManager.swift; sourceTree = "<group>"; };
		F9E623FC273CAC2D00D729FC /* ArticleCell.swift */ = {isa = PBXFileReference; lastKnownFileType = sourcecode.swift; path = ArticleCell.swift; sourceTree = "<group>"; };
/* End PBXFileReference section */

/* Begin PBXFrameworksBuildPhase section */
		F9E623D9273A1E7300D729FC /* Frameworks */ = {
			isa = PBXFrameworksBuildPhase;
			buildActionMask = 2147483647;
			files = (
			);
			runOnlyForDeploymentPostprocessing = 0;
		};
/* End PBXFrameworksBuildPhase section */

/* Begin PBXGroup section */
		F9E623D3273A1E7300D729FC = {
			isa = PBXGroup;
			children = (
				F9E623DE273A1E7300D729FC /* vadmitrievaPW5 */,
				F9E623DD273A1E7300D729FC /* Products */,
			);
			sourceTree = "<group>";
		};
		F9E623DD273A1E7300D729FC /* Products */ = {
			isa = PBXGroup;
			children = (
				F9E623DC273A1E7300D729FC /* vadmitrievaPW5.app */,
			);
			name = Products;
			sourceTree = "<group>";
		};
		F9E623DE273A1E7300D729FC /* vadmitrievaPW5 */ = {
			isa = PBXGroup;
			children = (
				F9E623DF273A1E7300D729FC /* AppDelegate.swift */,
				F9E623E1273A1E7300D729FC /* SceneDelegate.swift */,
				F9E623E3273A1E7300D729FC /* ArticleViewController.swift */,
				F909B3E427460EBA004885BD /* WebViewController.swift */,
				F9E623FA273BE7AC00D729FC /* ArticleManager.swift */,
				F9E623FC273CAC2D00D729FC /* ArticleCell.swift */,
				F9E623F3273BDC4C00D729FC /* Article */,
				F9E623E8273A1E7600D729FC /* Assets.xcassets */,
				F9E623EA273A1E7600D729FC /* LaunchScreen.storyboard */,
				F9E623ED273A1E7600D729FC /* Info.plist */,
			);
			path = vadmitrievaPW5;
			sourceTree = "<group>";
		};
		F9E623F3273BDC4C00D729FC /* Article */ = {
			isa = PBXGroup;
			children = (
				F9E623F4273BDC7100D729FC /* ArticleModel.swift */,
				F9E623F6273BDD2800D729FC /* ArticlePage.swift */,
				F9E623F8273BDF9800D729FC /* ImageContainer.swift */,
				F909B3E62746125D004885BD /* ArticleCellDelegate.swift */,
			);
			path = Article;
			sourceTree = "<group>";
		};
/* End PBXGroup section */

/* Begin PBXNativeTarget section */
		F9E623DB273A1E7300D729FC /* vadmitrievaPW5 */ = {
			isa = PBXNativeTarget;
			buildConfigurationList = F9E623F0273A1E7600D729FC /* Build configuration list for PBXNativeTarget "vadmitrievaPW5" */;
			buildPhases = (
				F9E623D8273A1E7300D729FC /* Sources */,
				F9E623D9273A1E7300D729FC /* Frameworks */,
				F9E623DA273A1E7300D729FC /* Resources */,
			);
			buildRules = (
			);
			dependencies = (
			);
			name = vadmitrievaPW5;
			productName = vadmitrievaPW5;
			productReference = F9E623DC273A1E7300D729FC /* vadmitrievaPW5.app */;
			productType = "com.apple.product-type.application";
		};
/* End PBXNativeTarget section */

/* Begin PBXProject section */
		F9E623D4273A1E7300D729FC /* Project object */ = {
			isa = PBXProject;
			attributes = {
				BuildIndependentTargetsInParallel = 1;
				LastSwiftUpdateCheck = 1300;
				LastUpgradeCheck = 1300;
				TargetAttributes = {
					F9E623DB273A1E7300D729FC = {
						CreatedOnToolsVersion = 13.0;
					};
				};
			};
			buildConfigurationList = F9E623D7273A1E7300D729FC /* Build configuration list for PBXProject "vadmitrievaPW5" */;
			compatibilityVersion = "Xcode 13.0";
			developmentRegion = en;
			hasScannedForEncodings = 0;
			knownRegions = (
				en,
				Base,
			);
			mainGroup = F9E623D3273A1E7300D729FC;
			productRefGroup = F9E623DD273A1E7300D729FC /* Products */;
			projectDirPath = "";
			projectRoot = "";
			targets = (
				F9E623DB273A1E7300D729FC /* vadmitrievaPW5 */,
			);
		};
/* End PBXProject section */

/* Begin PBXResourcesBuildPhase section */
		F9E623DA273A1E7300D729FC /* Resources */ = {
			isa = PBXResourcesBuildPhase;
			buildActionMask = 2147483647;
			files = (
				F9E623EC273A1E7600D729FC /* LaunchScreen.storyboard in Resources */,
				F9E623E9273A1E7600D729FC /* Assets.xcassets in Resources */,
			);
			runOnlyForDeploymentPostprocessing = 0;
		};
/* End PBXResourcesBuildPhase section */

/* Begin PBXSourcesBuildPhase section */
		F9E623D8273A1E7300D729FC /* Sources */ = {
			isa = PBXSourcesBuildPhase;
			buildActionMask = 2147483647;
			files = (
				F9E623FD273CAC2E00D729FC /* ArticleCell.swift in Sources */,
				F909B3E72746125D004885BD /* ArticleCellDelegate.swift in Sources */,
				F909B3E527460EBA004885BD /* WebViewController.swift in Sources */,
				F9E623FB273BE7AC00D729FC /* ArticleManager.swift in Sources */,
				F9E623E4273A1E7300D729FC /* ArticleViewController.swift in Sources */,
				F9E623F7273BDD2800D729FC /* ArticlePage.swift in Sources */,
				F9E623E0273A1E7300D729FC /* AppDelegate.swift in Sources */,
				F9E623F5273BDC7100D729FC /* ArticleModel.swift in Sources */,
				F9E623E2273A1E7300D729FC /* SceneDelegate.swift in Sources */,
				F9E623F9273BDF9800D729FC /* ImageContainer.swift in Sources */,
			);
			runOnlyForDeploymentPostprocessing = 0;
		};
/* End PBXSourcesBuildPhase section */

/* Begin PBXVariantGroup section */
		F9E623EA273A1E7600D729FC /* LaunchScreen.storyboard */ = {
			isa = PBXVariantGroup;
			children = (
				F9E623EB273A1E7600D729FC /* Base */,
			);
			name = LaunchScreen.storyboard;
			sourceTree = "<group>";
		};
/* End PBXVariantGroup section */

/* Begin XCBuildConfiguration section */
		F9E623EE273A1E7600D729FC /* Debug */ = {
			isa = XCBuildConfiguration;
			buildSettings = {
				ALWAYS_SEARCH_USER_PATHS = NO;
				CLANG_ANALYZER_NONNULL = YES;
				CLANG_ANALYZER_NUMBER_OBJECT_CONVERSION = YES_AGGRESSIVE;
				CLANG_CXX_LANGUAGE_STANDARD = "gnu++17";
				CLANG_CXX_LIBRARY = "libc++";
				CLANG_ENABLE_MODULES = YES;
				CLANG_ENABLE_OBJC_ARC = YES;
				CLANG_ENABLE_OBJC_WEAK = YES;
				CLANG_WARN_BLOCK_CAPTURE_AUTORELEASING = YES;
				CLANG_WARN_BOOL_CONVERSION = YES;
				CLANG_WARN_COMMA = YES;
				CLANG_WARN_CONSTANT_CONVERSION = YES;
				CLANG_WARN_DEPRECATED_OBJC_IMPLEMENTATIONS = YES;
				CLANG_WARN_DIRECT_OBJC_ISA_USAGE = YES_ERROR;
				CLANG_WARN_DOCUMENTATION_COMMENTS = YES;
				CLANG_WARN_EMPTY_BODY = YES;
				CLANG_WARN_ENUM_CONVERSION = YES;
				CLANG_WARN_INFINITE_RECURSION = YES;
				CLANG_WARN_INT_CONVERSION = YES;
				CLANG_WARN_NON_LITERAL_NULL_CONVERSION = YES;
				CLANG_WARN_OBJC_IMPLICIT_RETAIN_SELF = YES;
				CLANG_WARN_OBJC_LITERAL_CONVERSION = YES;
				CLANG_WARN_OBJC_ROOT_CLASS = YES_ERROR;
				CLANG_WARN_QUOTED_INCLUDE_IN_FRAMEWORK_HEADER = YES;
				CLANG_WARN_RANGE_LOOP_ANALYSIS = YES;
				CLANG_WARN_STRICT_PROTOTYPES = YES;
				CLANG_WARN_SUSPICIOUS_MOVE = YES;
				CLANG_WARN_UNGUARDED_AVAILABILITY = YES_AGGRESSIVE;
				CLANG_WARN_UNREACHABLE_CODE = YES;
				CLANG_WARN__DUPLICATE_METHOD_MATCH = YES;
				COPY_PHASE_STRIP = NO;
				DEBUG_INFORMATION_FORMAT = dwarf;
				ENABLE_STRICT_OBJC_MSGSEND = YES;
				ENABLE_TESTABILITY = YES;
				GCC_C_LANGUAGE_STANDARD = gnu11;
				GCC_DYNAMIC_NO_PIC = NO;
				GCC_NO_COMMON_BLOCKS = YES;
				GCC_OPTIMIZATION_LEVEL = 0;
				GCC_PREPROCESSOR_DEFINITIONS = (
					"DEBUG=1",
					"$(inherited)",
				);
				GCC_WARN_64_TO_32_BIT_CONVERSION = YES;
				GCC_WARN_ABOUT_RETURN_TYPE = YES_ERROR;
				GCC_WARN_UNDECLARED_SELECTOR = YES;
				GCC_WARN_UNINITIALIZED_AUTOS = YES_AGGRESSIVE;
				GCC_WARN_UNUSED_FUNCTION = YES;
				GCC_WARN_UNUSED_VARIABLE = YES;
				IPHONEOS_DEPLOYMENT_TARGET = 15.0;
				MTL_ENABLE_DEBUG_INFO = INCLUDE_SOURCE;
				MTL_FAST_MATH = YES;
				ONLY_ACTIVE_ARCH = YES;
				SDKROOT = iphoneos;
				SWIFT_ACTIVE_COMPILATION_CONDITIONS = DEBUG;
				SWIFT_OPTIMIZATION_LEVEL = "-Onone";
			};
			name = Debug;
		};
		F9E623EF273A1E7600D729FC /* Release */ = {
			isa = XCBuildConfiguration;
			buildSettings = {
				ALWAYS_SEARCH_USER_PATHS = NO;
				CLANG_ANALYZER_NONNULL = YES;
				CLANG_ANALYZER_NUMBER_OBJECT_CONVERSION = YES_AGGRESSIVE;
				CLANG_CXX_LANGUAGE_STANDARD = "gnu++17";
				CLANG_CXX_LIBRARY = "libc++";
				CLANG_ENABLE_MODULES = YES;
				CLANG_ENABLE_OBJC_ARC = YES;
				CLANG_ENABLE_OBJC_WEAK = YES;
				CLANG_WARN_BLOCK_CAPTURE_AUTORELEASING = YES;
				CLANG_WARN_BOOL_CONVERSION = YES;
				CLANG_WARN_COMMA = YES;
				CLANG_WARN_CONSTANT_CONVERSION = YES;
				CLANG_WARN_DEPRECATED_OBJC_IMPLEMENTATIONS = YES;
				CLANG_WARN_DIRECT_OBJC_ISA_USAGE = YES_ERROR;
				CLANG_WARN_DOCUMENTATION_COMMENTS = YES;
				CLANG_WARN_EMPTY_BODY = YES;
				CLANG_WARN_ENUM_CONVERSION = YES;
				CLANG_WARN_INFINITE_RECURSION = YES;
				CLANG_WARN_INT_CONVERSION = YES;
				CLANG_WARN_NON_LITERAL_NULL_CONVERSION = YES;
				CLANG_WARN_OBJC_IMPLICIT_RETAIN_SELF = YES;
				CLANG_WARN_OBJC_LITERAL_CONVERSION = YES;
				CLANG_WARN_OBJC_ROOT_CLASS = YES_ERROR;
				CLANG_WARN_QUOTED_INCLUDE_IN_FRAMEWORK_HEADER = YES;
				CLANG_WARN_RANGE_LOOP_ANALYSIS = YES;
				CLANG_WARN_STRICT_PROTOTYPES = YES;
				CLANG_WARN_SUSPICIOUS_MOVE = YES;
				CLANG_WARN_UNGUARDED_AVAILABILITY = YES_AGGRESSIVE;
				CLANG_WARN_UNREACHABLE_CODE = YES;
				CLANG_WARN__DUPLICATE_METHOD_MATCH = YES;
				COPY_PHASE_STRIP = NO;
				DEBUG_INFORMATION_FORMAT = "dwarf-with-dsym";
				ENABLE_NS_ASSERTIONS = NO;
				ENABLE_STRICT_OBJC_MSGSEND = YES;
				GCC_C_LANGUAGE_STANDARD = gnu11;
				GCC_NO_COMMON_BLOCKS = YES;
				GCC_WARN_64_TO_32_BIT_CONVERSION = YES;
				GCC_WARN_ABOUT_RETURN_TYPE = YES_ERROR;
				GCC_WARN_UNDECLARED_SELECTOR = YES;
				GCC_WARN_UNINITIALIZED_AUTOS = YES_AGGRESSIVE;
				GCC_WARN_UNUSED_FUNCTION = YES;
				GCC_WARN_UNUSED_VARIABLE = YES;
				IPHONEOS_DEPLOYMENT_TARGET = 15.0;
				MTL_ENABLE_DEBUG_INFO = NO;
				MTL_FAST_MATH = YES;
				SDKROOT = iphoneos;
				SWIFT_COMPILATION_MODE = wholemodule;
				SWIFT_OPTIMIZATION_LEVEL = "-O";
				VALIDATE_PRODUCT = YES;
			};
			name = Release;
		};
		F9E623F1273A1E7600D729FC /* Debug */ = {
			isa = XCBuildConfiguration;
			buildSettings = {
				ASSETCATALOG_COMPILER_APPICON_NAME = AppIcon;
				ASSETCATALOG_COMPILER_GLOBAL_ACCENT_COLOR_NAME = AccentColor;
				CODE_SIGN_STYLE = Automatic;
				CURRENT_PROJECT_VERSION = 1;
				GENERATE_INFOPLIST_FILE = YES;
				INFOPLIST_FILE = vadmitrievaPW5/Info.plist;
				INFOPLIST_KEY_UIApplicationSupportsIndirectInputEvents = YES;
				INFOPLIST_KEY_UILaunchStoryboardName = LaunchScreen;
				INFOPLIST_KEY_UISupportedInterfaceOrientations_iPad = "UIInterfaceOrientationPortrait UIInterfaceOrientationPortraitUpsideDown UIInterfaceOrientationLandscapeLeft UIInterfaceOrientationLandscapeRight";
				INFOPLIST_KEY_UISupportedInterfaceOrientations_iPhone = "UIInterfaceOrientationPortrait UIInterfaceOrientationLandscapeLeft UIInterfaceOrientationLandscapeRight";
				LD_RUNPATH_SEARCH_PATHS = (
					"$(inherited)",
					"@executable_path/Frameworks",
				);
				MARKETING_VERSION = 1.0;
				PRODUCT_BUNDLE_IDENTIFIER = dmitrieva.vadmitrievaPW5;
				PRODUCT_NAME = "$(TARGET_NAME)";
				SWIFT_EMIT_LOC_STRINGS = YES;
				SWIFT_VERSION = 5.0;
				TARGETED_DEVICE_FAMILY = "1,2";
			};
			name = Debug;
		};
		F9E623F2273A1E7600D729FC /* Release */ = {
			isa = XCBuildConfiguration;
			buildSettings = {
				ASSETCATALOG_COMPILER_APPICON_NAME = AppIcon;
				ASSETCATALOG_COMPILER_GLOBAL_ACCENT_COLOR_NAME = AccentColor;
				CODE_SIGN_STYLE = Automatic;
				CURRENT_PROJECT_VERSION = 1;
				GENERATE_INFOPLIST_FILE = YES;
				INFOPLIST_FILE = vadmitrievaPW5/Info.plist;
				INFOPLIST_KEY_UIApplicationSupportsIndirectInputEvents = YES;
				INFOPLIST_KEY_UILaunchStoryboardName = LaunchScreen;
				INFOPLIST_KEY_UISupportedInterfaceOrientations_iPad = "UIInterfaceOrientationPortrait UIInterfaceOrientationPortraitUpsideDown UIInterfaceOrientationLandscapeLeft UIInterfaceOrientationLandscapeRight";
				INFOPLIST_KEY_UISupportedInterfaceOrientations_iPhone = "UIInterfaceOrientationPortrait UIInterfaceOrientationLandscapeLeft UIInterfaceOrientationLandscapeRight";
				LD_RUNPATH_SEARCH_PATHS = (
					"$(inherited)",
					"@executable_path/Frameworks",
				);
				MARKETING_VERSION = 1.0;
				PRODUCT_BUNDLE_IDENTIFIER = dmitrieva.vadmitrievaPW5;
				PRODUCT_NAME = "$(TARGET_NAME)";
				SWIFT_EMIT_LOC_STRINGS = YES;
				SWIFT_VERSION = 5.0;
				TARGETED_DEVICE_FAMILY = "1,2";
			};
			name = Release;
		};
/* End XCBuildConfiguration section */

/* Begin XCConfigurationList section */
		F9E623D7273A1E7300D729FC /* Build configuration list for PBXProject "vadmitrievaPW5" */ = {
			isa = XCConfigurationList;
			buildConfigurations = (
				F9E623EE273A1E7600D729FC /* Debug */,
				F9E623EF273A1E7600D729FC /* Release */,
			);
			defaultConfigurationIsVisible = 0;
			defaultConfigurationName = Release;
		};
		F9E623F0273A1E7600D729FC /* Build configuration list for PBXNativeTarget "vadmitrievaPW5" */ = {
			isa = XCConfigurationList;
			buildConfigurations = (
				F9E623F1273A1E7600D729FC /* Debug */,
				F9E623F2273A1E7600D729FC /* Release */,
			);
			defaultConfigurationIsVisible = 0;
			defaultConfigurationName = Release;
		};
/* End XCConfigurationList section */
	};
	rootObject = F9E623D4273A1E7300D729FC /* Project object */;
}
